
Microsoft Visual Studio Solution File, Format Version 12.00
# Visual Studio Version 16
VisualStudioVersion = 16.0.32802.440
MinimumVisualStudioVersion = 10.0.40219.1
Project("{FAE04EC0-301F-11D3-BF4B-00C04F79EFBC}") = "File2Class", "File2Class.csproj", "{ADC95BFD-52E9-4277-9D41-119147276150}"
EndProject
Global
	GlobalSection(SolutionConfigurationPlatforms) = preSolution
		Debug|Any CPU = Debug|Any CPU
		Release|Any CPU = Release|Any CPU
	EndGlobalSection
	GlobalSection(ProjectConfigurationPlatforms) = postSolution
		{ADC95BFD-52E9-4277-9D41-119147276150}.Debug|Any CPU.ActiveCfg = Debug|Any CPU
		{ADC95BFD-52E9-4277-9D41-119147276150}.Debug|Any CPU.Build.0 = Debug|Any CPU
		{ADC95BFD-52E9-4277-9D41-119147276150}.Release|Any CPU.ActiveCfg = Release|Any CPU
		{ADC95BFD-52E9-4277-9D41-119147276150}.Release|Any CPU.Build.0 = Release|Any CPU
	EndGlobalSection
	GlobalSection(SolutionProperties) = preSolution
		HideSolutionNode = FALSE
	EndGlobalSection
	GlobalSection(ExtensibilityGlobals) = postSolution
		SolutionGuid = {B20F50EC-00AC-456C-A6EA-89AA1F7B9E72}
	EndGlobalSection
EndGlobal
